
Microsoft Visual Studio Solution File, Format Version 12.00
Project("{FAE04EC0-301F-11D3-BF4B-00C04F79EFBC}") = "StudBook.Client", "Client\StudBook.Client.csproj", "{9B5CE796-42DA-40BD-8B41-00E574B2C26F}"
EndProject
Project("{FAE04EC0-301F-11D3-BF4B-00C04F79EFBC}") = "StudBook.Server", "Server\StudBook.Server.csproj", "{B2BC0E0D-E8BC-432D-94B1-8652F863A36B}"
EndProject
Project("{FAE04EC0-301F-11D3-BF4B-00C04F79EFBC}") = "StudBook.Shared", "Shared\StudBook.Shared.csproj", "{A86DAC7F-CA8F-45D7-8103-DF3A8450AB99}"
EndProject
Global
	GlobalSection(SolutionConfigurationPlatforms) = preSolution
		Debug|Any CPU = Debug|Any CPU
		Release|Any CPU = Release|Any CPU
	EndGlobalSection
	GlobalSection(ProjectConfigurationPlatforms) = postSolution
		{9B5CE796-42DA-40BD-8B41-00E574B2C26F}.Debug|Any CPU.ActiveCfg = Debug|Any CPU
		{9B5CE796-42DA-40BD-8B41-00E574B2C26F}.Debug|Any CPU.Build.0 = Debug|Any CPU
		{9B5CE796-42DA-40BD-8B41-00E574B2C26F}.Release|Any CPU.ActiveCfg = Release|Any CPU
		{9B5CE796-42DA-40BD-8B41-00E574B2C26F}.Release|Any CPU.Build.0 = Release|Any CPU
		{B2BC0E0D-E8BC-432D-94B1-8652F863A36B}.Debug|Any CPU.ActiveCfg = Debug|Any CPU
		{B2BC0E0D-E8BC-432D-94B1-8652F863A36B}.Debug|Any CPU.Build.0 = Debug|Any CPU
		{B2BC0E0D-E8BC-432D-94B1-8652F863A36B}.Release|Any CPU.ActiveCfg = Release|Any CPU
		{B2BC0E0D-E8BC-432D-94B1-8652F863A36B}.Release|Any CPU.Build.0 = Release|Any CPU
		{A86DAC7F-CA8F-45D7-8103-DF3A8450AB99}.Debug|Any CPU.ActiveCfg = Debug|Any CPU
		{A86DAC7F-CA8F-45D7-8103-DF3A8450AB99}.Debug|Any CPU.Build.0 = Debug|Any CPU
		{A86DAC7F-CA8F-45D7-8103-DF3A8450AB99}.Release|Any CPU.ActiveCfg = Release|Any CPU
		{A86DAC7F-CA8F-45D7-8103-DF3A8450AB99}.Release|Any CPU.Build.0 = Release|Any CPU
	EndGlobalSection
EndGlobal
